{
  "name": "cdbjs-demo",
  "version": "1.0.0",
  "lockfileVersion": 1,
  "requires": true,
  "dependencies": {
    "contrast-bootstrap-pro": {
      "version": "file:contrast-bootstrap-pro-1.0.0.tgz",
      "integrity": "sha512-dh/BDMecc9bQIqBHd++wV3bbKDx4HulZDhuGWi1yOzaCEFT4gM9GnTvkcHj33oGX6GgWBg1H6NnREMJEqRMc5g=="
    }
  }
}
